{
  "name": "palindrome-app",
  "lockfileVersion": 2,
  "requires": true,
  "packages": {
    "": {
      "dependencies": {
        "guwort-palindrome": "^0.2.0"
      }
    },
    "node_modules/guwort-palindrome": {
      "version": "0.2.0",
      "resolved": "https://registry.npmjs.org/guwort-palindrome/-/guwort-palindrome-0.2.0.tgz",
      "integrity": "sha512-3JdsN5BaG+JH+o6ifT4oJKKFmnmqG6eACGdGOI+dAygnZDoyBmp/0Jh0BZcckERnhczPhTr+vD/E4BfS4s7EuA=="
    }
  },
  "dependencies": {
    "guwort-palindrome": {
      "version": "0.2.0",
      "resolved": "https://registry.npmjs.org/guwort-palindrome/-/guwort-palindrome-0.2.0.tgz",
      "integrity": "sha512-3JdsN5BaG+JH+o6ifT4oJKKFmnmqG6eACGdGOI+dAygnZDoyBmp/0Jh0BZcckERnhczPhTr+vD/E4BfS4s7EuA=="
    }
  }
}
